
Microsoft Visual Studio Solution File, Format Version 12.00
# Visual Studio Version 17
VisualStudioVersion = 17.14.36202.13 d17.14
MinimumVisualStudioVersion = 10.0.40219.1
Project("{FAE04EC0-301F-11D3-BF4B-00C04F79EFBC}") = "Prueba", "Prueba.csproj", "{84873EBF-0F4C-40CA-9423-B12E476E7EF5}"
EndProject
Global
	GlobalSection(SolutionConfigurationPlatforms) = preSolution
		Debug|Any CPU = Debug|Any CPU
		Release|Any CPU = Release|Any CPU
	EndGlobalSection
	GlobalSection(ProjectConfigurationPlatforms) = postSolution
		{84873EBF-0F4C-40CA-9423-B12E476E7EF5}.Debug|Any CPU.ActiveCfg = Debug|Any CPU
		{84873EBF-0F4C-40CA-9423-B12E476E7EF5}.Debug|Any CPU.Build.0 = Debug|Any CPU
		{84873EBF-0F4C-40CA-9423-B12E476E7EF5}.Release|Any CPU.ActiveCfg = Release|Any CPU
		{84873EBF-0F4C-40CA-9423-B12E476E7EF5}.Release|Any CPU.Build.0 = Release|Any CPU
	EndGlobalSection
	GlobalSection(SolutionProperties) = preSolution
		HideSolutionNode = FALSE
	EndGlobalSection
	GlobalSection(ExtensibilityGlobals) = postSolution
		SolutionGuid = {F8E9FC90-3DE2-44C0-A7AD-DFB12133F0BE}
	EndGlobalSection
EndGlobal
